
Microsoft Visual Studio Solution File, Format Version 12.00
# Visual Studio Version 17
VisualStudioVersion = 17.3.32922.545
MinimumVisualStudioVersion = 10.0.40219.1
Project("{9A19103F-16F7-4668-BE54-9A1E7A4F7556}") = "Amusoft.Toolkit.System.CommandLine", "Amusoft.Toolkit.System.CommandLine\Amusoft.Toolkit.System.CommandLine.csproj", "{6555622C-D5D0-4B20-B2F8-CDCCF59D1262}"
EndProject
Project("{9A19103F-16F7-4668-BE54-9A1E7A4F7556}") = "Amusoft.Toolkit.System.CommandLine.UnitTests", "..\tests\Amusoft.Toolkit.System.CommandLine.UnitTests\Amusoft.Toolkit.System.CommandLine.UnitTests.csproj", "{FCFFDD2F-BFE1-4356-BA72-4FF78C93866D}"
EndProject
Project("{9A19103F-16F7-4668-BE54-9A1E7A4F7556}") = "Amusoft.Toolkit.System.CommandLine.IntegrationTests", "..\tests\Amusoft.Toolkit.System.CommandLine.IntegrationTests\Amusoft.Toolkit.System.CommandLine.IntegrationTests.csproj", "{55BF3953-15D9-4E06-AFB8-E7F0961A4267}"
EndProject
Project("{2150E333-8FDC-42A3-9474-1A3956D46DE8}") = "package", "package", "{934AD6E3-4F76-4042-BAD3-835C37E5ACED}"
	ProjectSection(SolutionItems) = preProject
		..\scripts\build.ps1 = ..\scripts\build.ps1
		..\.github\workflows\CI.yml = ..\.github\workflows\CI.yml
		..\docs\Features.Toolkit.Generator.md = ..\docs\Features.Toolkit.Generator.md
		..\docs\Features.Toolkit.Hosting.md = ..\docs\Features.Toolkit.Hosting.md
		..\docs\Features.Toolkit.Logging.md = ..\docs\Features.Toolkit.Logging.md
		..\docs\Features.Toolkit.md = ..\docs\Features.Toolkit.md
		..\build\Project.Common.props = ..\build\Project.Common.props
		..\README.md = ..\README.md
	EndProjectSection
EndProject
Project("{9A19103F-16F7-4668-BE54-9A1E7A4F7556}") = "Amusoft.Toolkit.System.CommandLine.Logging", "Amusoft.Toolkit.System.CommandLine.Logging\Amusoft.Toolkit.System.CommandLine.Logging.csproj", "{E49C39D0-4E95-45A2-95D4-4D7795715C4D}"
EndProject
Project("{2150E333-8FDC-42A3-9474-1A3956D46DE8}") = "tests", "tests", "{9A995097-295D-43CB-903D-39CE8BA396F2}"
EndProject
Project("{2150E333-8FDC-42A3-9474-1A3956D46DE8}") = "src", "src", "{D72318CF-A49A-48C4-9EC5-461950EBE983}"
EndProject
Project("{9A19103F-16F7-4668-BE54-9A1E7A4F7556}") = "Amusoft.Toolkit.System.CommandLine.Logging.UnitTests", "..\tests\Amusoft.Toolkit.System.CommandLine.Logging.UnitTests\Amusoft.Toolkit.System.CommandLine.Logging.UnitTests.csproj", "{373BD539-301B-41DC-8630-BCAD8939ED19}"
EndProject
Project("{9A19103F-16F7-4668-BE54-9A1E7A4F7556}") = "Amusoft.Toolkit.System.CommandLine.Logging.CliTest", "..\tests\Amusoft.Toolkit.System.CommandLine.Logging.CliTest\Amusoft.Toolkit.System.CommandLine.Logging.CliTest.csproj", "{79C82FB0-F4C6-4452-BA8C-08BAB2F7A833}"
EndProject
Project("{9A19103F-16F7-4668-BE54-9A1E7A4F7556}") = "Amusoft.Toolkit.System.CommandLine.Generator", "Amusoft.Toolkit.System.CommandLine.Generator\Amusoft.Toolkit.System.CommandLine.Generator.csproj", "{0DA804C9-393F-41A1-84D9-93B2B8061A0F}"
EndProject
Project("{9A19103F-16F7-4668-BE54-9A1E7A4F7556}") = "Amusoft.Toolkit.System.CommandLine.Generator.UnitTests", "..\tests\Amusoft.Toolkit.System.CommandLine.Generator.UnitTests\Amusoft.Toolkit.System.CommandLine.Generator.UnitTests.csproj", "{00996A2D-A540-4E0C-AA53-F9A9AC3C0387}"
EndProject
Project("{9A19103F-16F7-4668-BE54-9A1E7A4F7556}") = "Amusoft.Toolkit.System.CommandLine.Hosting", "Amusoft.Toolkit.System.CommandLine.Hosting\Amusoft.Toolkit.System.CommandLine.Hosting.csproj", "{551EC382-37FA-4551-8E97-01F7D64D2757}"
EndProject
Global
	GlobalSection(SolutionConfigurationPlatforms) = preSolution
		Debug|Any CPU = Debug|Any CPU
		Debug|x64 = Debug|x64
		Debug|x86 = Debug|x86
		Release|Any CPU = Release|Any CPU
		Release|x64 = Release|x64
		Release|x86 = Release|x86
	EndGlobalSection
	GlobalSection(ProjectConfigurationPlatforms) = postSolution
		{6555622C-D5D0-4B20-B2F8-CDCCF59D1262}.Debug|Any CPU.ActiveCfg = Debug|Any CPU
		{6555622C-D5D0-4B20-B2F8-CDCCF59D1262}.Debug|Any CPU.Build.0 = Debug|Any CPU
		{6555622C-D5D0-4B20-B2F8-CDCCF59D1262}.Debug|x64.ActiveCfg = Debug|Any CPU
		{6555622C-D5D0-4B20-B2F8-CDCCF59D1262}.Debug|x64.Build.0 = Debug|Any CPU
		{6555622C-D5D0-4B20-B2F8-CDCCF59D1262}.Debug|x86.ActiveCfg = Debug|Any CPU
		{6555622C-D5D0-4B20-B2F8-CDCCF59D1262}.Debug|x86.Build.0 = Debug|Any CPU
		{6555622C-D5D0-4B20-B2F8-CDCCF59D1262}.Release|Any CPU.ActiveCfg = Release|Any CPU
		{6555622C-D5D0-4B20-B2F8-CDCCF59D1262}.Release|Any CPU.Build.0 = Release|Any CPU
		{6555622C-D5D0-4B20-B2F8-CDCCF59D1262}.Release|x64.ActiveCfg = Release|Any CPU
		{6555622C-D5D0-4B20-B2F8-CDCCF59D1262}.Release|x64.Build.0 = Release|Any CPU
		{6555622C-D5D0-4B20-B2F8-CDCCF59D1262}.Release|x86.ActiveCfg = Release|Any CPU
		{6555622C-D5D0-4B20-B2F8-CDCCF59D1262}.Release|x86.Build.0 = Release|Any CPU
		{FCFFDD2F-BFE1-4356-BA72-4FF78C93866D}.Debug|Any CPU.ActiveCfg = Debug|Any CPU
		{FCFFDD2F-BFE1-4356-BA72-4FF78C93866D}.Debug|Any CPU.Build.0 = Debug|Any CPU
		{FCFFDD2F-BFE1-4356-BA72-4FF78C93866D}.Debug|x64.ActiveCfg = Debug|Any CPU
		{FCFFDD2F-BFE1-4356-BA72-4FF78C93866D}.Debug|x64.Build.0 = Debug|Any CPU
		{FCFFDD2F-BFE1-4356-BA72-4FF78C93866D}.Debug|x86.ActiveCfg = Debug|Any CPU
		{FCFFDD2F-BFE1-4356-BA72-4FF78C93866D}.Debug|x86.Build.0 = Debug|Any CPU
		{FCFFDD2F-BFE1-4356-BA72-4FF78C93866D}.Release|Any CPU.ActiveCfg = Release|Any CPU
		{FCFFDD2F-BFE1-4356-BA72-4FF78C93866D}.Release|Any CPU.Build.0 = Release|Any CPU
		{FCFFDD2F-BFE1-4356-BA72-4FF78C93866D}.Release|x64.ActiveCfg = Release|Any CPU
		{FCFFDD2F-BFE1-4356-BA72-4FF78C93866D}.Release|x64.Build.0 = Release|Any CPU
		{FCFFDD2F-BFE1-4356-BA72-4FF78C93866D}.Release|x86.ActiveCfg = Release|Any CPU
		{FCFFDD2F-BFE1-4356-BA72-4FF78C93866D}.Release|x86.Build.0 = Release|Any CPU
		{55BF3953-15D9-4E06-AFB8-E7F0961A4267}.Debug|Any CPU.ActiveCfg = Debug|Any CPU
		{55BF3953-15D9-4E06-AFB8-E7F0961A4267}.Debug|Any CPU.Build.0 = Debug|Any CPU
		{55BF3953-15D9-4E06-AFB8-E7F0961A4267}.Debug|x64.ActiveCfg = Debug|Any CPU
		{55BF3953-15D9-4E06-AFB8-E7F0961A4267}.Debug|x64.Build.0 = Debug|Any CPU
		{55BF3953-15D9-4E06-AFB8-E7F0961A4267}.Debug|x86.ActiveCfg = Debug|Any CPU
		{55BF3953-15D9-4E06-AFB8-E7F0961A4267}.Debug|x86.Build.0 = Debug|Any CPU
		{55BF3953-15D9-4E06-AFB8-E7F0961A4267}.Release|Any CPU.ActiveCfg = Release|Any CPU
		{55BF3953-15D9-4E06-AFB8-E7F0961A4267}.Release|Any CPU.Build.0 = Release|Any CPU
		{55BF3953-15D9-4E06-AFB8-E7F0961A4267}.Release|x64.ActiveCfg = Release|Any CPU
		{55BF3953-15D9-4E06-AFB8-E7F0961A4267}.Release|x64.Build.0 = Release|Any CPU
		{55BF3953-15D9-4E06-AFB8-E7F0961A4267}.Release|x86.ActiveCfg = Release|Any CPU
		{55BF3953-15D9-4E06-AFB8-E7F0961A4267}.Release|x86.Build.0 = Release|Any CPU
		{E49C39D0-4E95-45A2-95D4-4D7795715C4D}.Debug|Any CPU.ActiveCfg = Debug|Any CPU
		{E49C39D0-4E95-45A2-95D4-4D7795715C4D}.Debug|Any CPU.Build.0 = Debug|Any CPU
		{E49C39D0-4E95-45A2-95D4-4D7795715C4D}.Debug|x64.ActiveCfg = Debug|Any CPU
		{E49C39D0-4E95-45A2-95D4-4D7795715C4D}.Debug|x64.Build.0 = Debug|Any CPU
		{E49C39D0-4E95-45A2-95D4-4D7795715C4D}.Debug|x86.ActiveCfg = Debug|Any CPU
		{E49C39D0-4E95-45A2-95D4-4D7795715C4D}.Debug|x86.Build.0 = Debug|Any CPU
		{E49C39D0-4E95-45A2-95D4-4D7795715C4D}.Release|Any CPU.ActiveCfg = Release|Any CPU
		{E49C39D0-4E95-45A2-95D4-4D7795715C4D}.Release|Any CPU.Build.0 = Release|Any CPU
		{E49C39D0-4E95-45A2-95D4-4D7795715C4D}.Release|x64.ActiveCfg = Release|Any CPU
		{E49C39D0-4E95-45A2-95D4-4D7795715C4D}.Release|x64.Build.0 = Release|Any CPU
		{E49C39D0-4E95-45A2-95D4-4D7795715C4D}.Release|x86.ActiveCfg = Release|Any CPU
		{E49C39D0-4E95-45A2-95D4-4D7795715C4D}.Release|x86.Build.0 = Release|Any CPU
		{373BD539-301B-41DC-8630-BCAD8939ED19}.Debug|Any CPU.ActiveCfg = Debug|Any CPU
		{373BD539-301B-41DC-8630-BCAD8939ED19}.Debug|Any CPU.Build.0 = Debug|Any CPU
		{373BD539-301B-41DC-8630-BCAD8939ED19}.Debug|x64.ActiveCfg = Debug|Any CPU
		{373BD539-301B-41DC-8630-BCAD8939ED19}.Debug|x64.Build.0 = Debug|Any CPU
		{373BD539-301B-41DC-8630-BCAD8939ED19}.Debug|x86.ActiveCfg = Debug|Any CPU
		{373BD539-301B-41DC-8630-BCAD8939ED19}.Debug|x86.Build.0 = Debug|Any CPU
		{373BD539-301B-41DC-8630-BCAD8939ED19}.Release|Any CPU.ActiveCfg = Release|Any CPU
		{373BD539-301B-41DC-8630-BCAD8939ED19}.Release|Any CPU.Build.0 = Release|Any CPU
		{373BD539-301B-41DC-8630-BCAD8939ED19}.Release|x64.ActiveCfg = Release|Any CPU
		{373BD539-301B-41DC-8630-BCAD8939ED19}.Release|x64.Build.0 = Release|Any CPU
		{373BD539-301B-41DC-8630-BCAD8939ED19}.Release|x86.ActiveCfg = Release|Any CPU
		{373BD539-301B-41DC-8630-BCAD8939ED19}.Release|x86.Build.0 = Release|Any CPU
		{79C82FB0-F4C6-4452-BA8C-08BAB2F7A833}.Debug|Any CPU.ActiveCfg = Debug|Any CPU
		{79C82FB0-F4C6-4452-BA8C-08BAB2F7A833}.Debug|Any CPU.Build.0 = Debug|Any CPU
		{79C82FB0-F4C6-4452-BA8C-08BAB2F7A833}.Debug|x64.ActiveCfg = Debug|Any CPU
		{79C82FB0-F4C6-4452-BA8C-08BAB2F7A833}.Debug|x64.Build.0 = Debug|Any CPU
		{79C82FB0-F4C6-4452-BA8C-08BAB2F7A833}.Debug|x86.ActiveCfg = Debug|Any CPU
		{79C82FB0-F4C6-4452-BA8C-08BAB2F7A833}.Debug|x86.Build.0 = Debug|Any CPU
		{79C82FB0-F4C6-4452-BA8C-08BAB2F7A833}.Release|Any CPU.ActiveCfg = Release|Any CPU
		{79C82FB0-F4C6-4452-BA8C-08BAB2F7A833}.Release|Any CPU.Build.0 = Release|Any CPU
		{79C82FB0-F4C6-4452-BA8C-08BAB2F7A833}.Release|x64.ActiveCfg = Release|Any CPU
		{79C82FB0-F4C6-4452-BA8C-08BAB2F7A833}.Release|x64.Build.0 = Release|Any CPU
		{79C82FB0-F4C6-4452-BA8C-08BAB2F7A833}.Release|x86.ActiveCfg = Release|Any CPU
		{79C82FB0-F4C6-4452-BA8C-08BAB2F7A833}.Release|x86.Build.0 = Release|Any CPU
		{0DA804C9-393F-41A1-84D9-93B2B8061A0F}.Debug|Any CPU.ActiveCfg = Debug|Any CPU
		{0DA804C9-393F-41A1-84D9-93B2B8061A0F}.Debug|Any CPU.Build.0 = Debug|Any CPU
		{0DA804C9-393F-41A1-84D9-93B2B8061A0F}.Debug|x64.ActiveCfg = Debug|Any CPU
		{0DA804C9-393F-41A1-84D9-93B2B8061A0F}.Debug|x64.Build.0 = Debug|Any CPU
		{0DA804C9-393F-41A1-84D9-93B2B8061A0F}.Debug|x86.ActiveCfg = Debug|Any CPU
		{0DA804C9-393F-41A1-84D9-93B2B8061A0F}.Debug|x86.Build.0 = Debug|Any CPU
		{0DA804C9-393F-41A1-84D9-93B2B8061A0F}.Release|Any CPU.ActiveCfg = Release|Any CPU
		{0DA804C9-393F-41A1-84D9-93B2B8061A0F}.Release|Any CPU.Build.0 = Release|Any CPU
		{0DA804C9-393F-41A1-84D9-93B2B8061A0F}.Release|x64.ActiveCfg = Release|Any CPU
		{0DA804C9-393F-41A1-84D9-93B2B8061A0F}.Release|x64.Build.0 = Release|Any CPU
		{0DA804C9-393F-41A1-84D9-93B2B8061A0F}.Release|x86.ActiveCfg = Release|Any CPU
		{0DA804C9-393F-41A1-84D9-93B2B8061A0F}.Release|x86.Build.0 = Release|Any CPU
		{00996A2D-A540-4E0C-AA53-F9A9AC3C0387}.Debug|Any CPU.ActiveCfg = Debug|Any CPU
		{00996A2D-A540-4E0C-AA53-F9A9AC3C0387}.Debug|Any CPU.Build.0 = Debug|Any CPU
		{00996A2D-A540-4E0C-AA53-F9A9AC3C0387}.Debug|x64.ActiveCfg = Debug|Any CPU
		{00996A2D-A540-4E0C-AA53-F9A9AC3C0387}.Debug|x64.Build.0 = Debug|Any CPU
		{00996A2D-A540-4E0C-AA53-F9A9AC3C0387}.Debug|x86.ActiveCfg = Debug|Any CPU
		{00996A2D-A540-4E0C-AA53-F9A9AC3C0387}.Debug|x86.Build.0 = Debug|Any CPU
		{00996A2D-A540-4E0C-AA53-F9A9AC3C0387}.Release|Any CPU.ActiveCfg = Release|Any CPU
		{00996A2D-A540-4E0C-AA53-F9A9AC3C0387}.Release|Any CPU.Build.0 = Release|Any CPU
		{00996A2D-A540-4E0C-AA53-F9A9AC3C0387}.Release|x64.ActiveCfg = Release|Any CPU
		{00996A2D-A540-4E0C-AA53-F9A9AC3C0387}.Release|x64.Build.0 = Release|Any CPU
		{00996A2D-A540-4E0C-AA53-F9A9AC3C0387}.Release|x86.ActiveCfg = Release|Any CPU
		{00996A2D-A540-4E0C-AA53-F9A9AC3C0387}.Release|x86.Build.0 = Release|Any CPU
		{551EC382-37FA-4551-8E97-01F7D64D2757}.Debug|Any CPU.ActiveCfg = Debug|Any CPU
		{551EC382-37FA-4551-8E97-01F7D64D2757}.Debug|Any CPU.Build.0 = Debug|Any CPU
		{551EC382-37FA-4551-8E97-01F7D64D2757}.Debug|x64.ActiveCfg = Debug|Any CPU
		{551EC382-37FA-4551-8E97-01F7D64D2757}.Debug|x64.Build.0 = Debug|Any CPU
		{551EC382-37FA-4551-8E97-01F7D64D2757}.Debug|x86.ActiveCfg = Debug|Any CPU
		{551EC382-37FA-4551-8E97-01F7D64D2757}.Debug|x86.Build.0 = Debug|Any CPU
		{551EC382-37FA-4551-8E97-01F7D64D2757}.Release|Any CPU.ActiveCfg = Release|Any CPU
		{551EC382-37FA-4551-8E97-01F7D64D2757}.Release|Any CPU.Build.0 = Release|Any CPU
		{551EC382-37FA-4551-8E97-01F7D64D2757}.Release|x64.ActiveCfg = Release|Any CPU
		{551EC382-37FA-4551-8E97-01F7D64D2757}.Release|x64.Build.0 = Release|Any CPU
		{551EC382-37FA-4551-8E97-01F7D64D2757}.Release|x86.ActiveCfg = Release|Any CPU
		{551EC382-37FA-4551-8E97-01F7D64D2757}.Release|x86.Build.0 = Release|Any CPU
	EndGlobalSection
	GlobalSection(SolutionProperties) = preSolution
		HideSolutionNode = FALSE
	EndGlobalSection
	GlobalSection(NestedProjects) = preSolution
		{6555622C-D5D0-4B20-B2F8-CDCCF59D1262} = {D72318CF-A49A-48C4-9EC5-461950EBE983}
		{FCFFDD2F-BFE1-4356-BA72-4FF78C93866D} = {9A995097-295D-43CB-903D-39CE8BA396F2}
		{55BF3953-15D9-4E06-AFB8-E7F0961A4267} = {9A995097-295D-43CB-903D-39CE8BA396F2}
		{E49C39D0-4E95-45A2-95D4-4D7795715C4D} = {D72318CF-A49A-48C4-9EC5-461950EBE983}
		{373BD539-301B-41DC-8630-BCAD8939ED19} = {9A995097-295D-43CB-903D-39CE8BA396F2}
		{79C82FB0-F4C6-4452-BA8C-08BAB2F7A833} = {9A995097-295D-43CB-903D-39CE8BA396F2}
		{0DA804C9-393F-41A1-84D9-93B2B8061A0F} = {D72318CF-A49A-48C4-9EC5-461950EBE983}
		{00996A2D-A540-4E0C-AA53-F9A9AC3C0387} = {9A995097-295D-43CB-903D-39CE8BA396F2}
		{551EC382-37FA-4551-8E97-01F7D64D2757} = {D72318CF-A49A-48C4-9EC5-461950EBE983}
	EndGlobalSection
	GlobalSection(ExtensibilityGlobals) = postSolution
		SolutionGuid = {8B59E246-DB1F-4A94-8661-5B6DDC1E564D}
	EndGlobalSection
EndGlobal
